# THIS IS AN AUTOGENERATED FILE. DO NOT EDIT THIS FILE DIRECTLY.
# yarn lockfile v1


chart.js@>=3.0.2, chart.js@^3.2.1:
  version "3.2.1"
  resolved "https://registry.yarnpkg.com/chart.js/-/chart.js-3.2.1.tgz#1a17d6a88cef324ef711949e227eb51d6c4c26d3"
  integrity sha512-XsNDf3854RGZkLCt+5vWAXGAtUdKP2nhfikLGZqud6G4CvRE2ts64TIxTTfspOin2kEZvPgomE29E6oU02dYjQ==

chartjs-adapter-date-fns@>=2.0.0:
  version "2.0.0"
  resolved "https://registry.yarnpkg.com/chartjs-adapter-date-fns/-/chartjs-adapter-date-fns-2.0.0.tgz#5e53b2f660b993698f936f509c86dddf9ed44c6b"
  integrity sha512-rmZINGLe+9IiiEB0kb57vH3UugAtYw33anRiw5kS2Tu87agpetDDoouquycWc9pRsKtQo5j+vLsYHyr8etAvFw==

chartkick@^4.0.4:
  version "4.0.4"
  resolved "https://registry.yarnpkg.com/chartkick/-/chartkick-4.0.4.tgz#273f5fbaaebfb9aa95e76c8b9b996564321a5ab9"
  integrity sha512-kUSrZslQg0xbbYrtJz++Ohw64j0i6AS5uZu22agMf7ikaMYYMuQgTmrCrZ2xQ3rsQtjKSqdz4VHzl8vVRoG5Fw==
  optionalDependencies:
    chart.js ">=3.0.2"
    chartjs-adapter-date-fns ">=2.0.0"
    date-fns ">=2.0.0"

date-fns@>=2.0.0:
  version "2.21.3"
  resolved "https://registry.yarnpkg.com/date-fns/-/date-fns-2.21.3.tgz#8f5f6889d7a96bbcc1f0ea50239b397a83357f9b"
  integrity sha512-HeYdzCaFflc1i4tGbj7JKMjM4cKGYoyxwcIIkHzNgCkX8xXDNJDZXgDDVchIWpN4eQc3lH37WarduXFZJOtxfw==
